
Microsoft Visual Studio Solution File, Format Version 12.00
# Visual Studio Version 17
VisualStudioVersion = 17.14.36221.1 d17.14
MinimumVisualStudioVersion = 10.0.40219.1
Project("{FAE04EC0-301F-11D3-BF4B-00C04F79EFBC}") = "movieTicketBooking_Mini", "movieTicketBooking_Mini.csproj", "{A2D003F1-2C63-4073-BEF5-11473CBA4761}"
EndProject
Global
	GlobalSection(SolutionConfigurationPlatforms) = preSolution
		Debug|Any CPU = Debug|Any CPU
		Release|Any CPU = Release|Any CPU
	EndGlobalSection
	GlobalSection(ProjectConfigurationPlatforms) = postSolution
		{A2D003F1-2C63-4073-BEF5-11473CBA4761}.Debug|Any CPU.ActiveCfg = Debug|Any CPU
		{A2D003F1-2C63-4073-BEF5-11473CBA4761}.Debug|Any CPU.Build.0 = Debug|Any CPU
		{A2D003F1-2C63-4073-BEF5-11473CBA4761}.Release|Any CPU.ActiveCfg = Release|Any CPU
		{A2D003F1-2C63-4073-BEF5-11473CBA4761}.Release|Any CPU.Build.0 = Release|Any CPU
	EndGlobalSection
	GlobalSection(SolutionProperties) = preSolution
		HideSolutionNode = FALSE
	EndGlobalSection
	GlobalSection(ExtensibilityGlobals) = postSolution
		SolutionGuid = {B8858510-2EA3-4E0F-9E85-C9E4F338C451}
	EndGlobalSection
EndGlobal
