
Microsoft Visual Studio Solution File, Format Version 12.00
# Visual Studio Version 17
VisualStudioVersion = 17.14.36221.1
MinimumVisualStudioVersion = 10.0.40219.1
Project("{FAE04EC0-301F-11D3-BF4B-00C04F79EFBC}") = "ConsoleCalculator", "ConsoleCalculator.csproj", "{E7FA3A23-10B7-4BE4-BC6F-49B9CC592EEA}"
EndProject
Project("{FAE04EC0-301F-11D3-BF4B-00C04F79EFBC}") = "CalculatorTests", "..\UnitTest1\CalculatorTests.csproj", "{E102EE04-BCCD-4DE9-B126-F0EB7BC07041}"
EndProject
Global
	GlobalSection(SolutionConfigurationPlatforms) = preSolution
		Debug|Any CPU = Debug|Any CPU
		Release|Any CPU = Release|Any CPU
	EndGlobalSection
	GlobalSection(ProjectConfigurationPlatforms) = postSolution
		{E7FA3A23-10B7-4BE4-BC6F-49B9CC592EEA}.Debug|Any CPU.ActiveCfg = Debug|Any CPU
		{E7FA3A23-10B7-4BE4-BC6F-49B9CC592EEA}.Debug|Any CPU.Build.0 = Debug|Any CPU
		{E7FA3A23-10B7-4BE4-BC6F-49B9CC592EEA}.Release|Any CPU.ActiveCfg = Release|Any CPU
		{E7FA3A23-10B7-4BE4-BC6F-49B9CC592EEA}.Release|Any CPU.Build.0 = Release|Any CPU
		{E102EE04-BCCD-4DE9-B126-F0EB7BC07041}.Debug|Any CPU.ActiveCfg = Debug|Any CPU
		{E102EE04-BCCD-4DE9-B126-F0EB7BC07041}.Debug|Any CPU.Build.0 = Debug|Any CPU
		{E102EE04-BCCD-4DE9-B126-F0EB7BC07041}.Release|Any CPU.ActiveCfg = Release|Any CPU
		{E102EE04-BCCD-4DE9-B126-F0EB7BC07041}.Release|Any CPU.Build.0 = Release|Any CPU
	EndGlobalSection
	GlobalSection(SolutionProperties) = preSolution
		HideSolutionNode = FALSE
	EndGlobalSection
	GlobalSection(ExtensibilityGlobals) = postSolution
		SolutionGuid = {CBF153ED-378A-4A12-A497-70C9F632BD68}
	EndGlobalSection
EndGlobal
